
Microsoft Visual Studio Solution File, Format Version 12.00
# Visual Studio Version 17
VisualStudioVersion = 17.14.36127.28
MinimumVisualStudioVersion = 10.0.40219.1
Project("{FAE04EC0-301F-11D3-BF4B-00C04F79EFBC}") = "Lunqis.Telegram.Bot.Framework", "Lunqis.Telegram.Bot.Framework\Lunqis.Telegram.Bot.Framework.csproj", "{F69EDC1F-CE45-4BC4-BEFE-B95DFB2F0E59}"
EndProject
Project("{2150E333-8FDC-42A3-9474-1A3956D46DE8}") = "Solution", "Solution", "{02EA681E-C7D8-13C7-8484-4AC65E1B71E8}"
	ProjectSection(SolutionItems) = preProject
		.editorconfig = .editorconfig
		.filenesting.json = .filenesting.json
		.github\workflows\dotnet.yml = .github\workflows\dotnet.yml
		LICENSE = LICENSE
		README.md = README.md
		README_CN.md = README_CN.md
		README_JP.md = README_JP.md
	EndProjectSection
EndProject
Project("{FAE04EC0-301F-11D3-BF4B-00C04F79EFBC}") = "Lunqis.Telegram.Bot.Framework.Controllers", "Lunqis.Telegram.Bot.Framework.Controllers\Lunqis.Telegram.Bot.Framework.Controllers.csproj", "{AA179484-C0BB-48C4-9FB9-F9420A52E52F}"
EndProject
Project("{FAE04EC0-301F-11D3-BF4B-00C04F79EFBC}") = "Lunqis.Telegram.Bot.Framework.Func", "Lunqis.Telegram.Bot.Framework.Func\Lunqis.Telegram.Bot.Framework.Func.csproj", "{3ECEF5FE-F37E-43D5-A701-2F200D5708EB}"
EndProject
Project("{FAE04EC0-301F-11D3-BF4B-00C04F79EFBC}") = "Lunqis.Telegram.Bot.Framework.Payment", "Lunqis.Telegram.Bot.Framework.Payment\Lunqis.Telegram.Bot.Framework.Payment.csproj", "{046205B5-BDB8-44F5-B880-C7FDD2288618}"
EndProject
Global
	GlobalSection(SolutionConfigurationPlatforms) = preSolution
		Debug|Any CPU = Debug|Any CPU
		Release|Any CPU = Release|Any CPU
	EndGlobalSection
	GlobalSection(ProjectConfigurationPlatforms) = postSolution
		{F69EDC1F-CE45-4BC4-BEFE-B95DFB2F0E59}.Debug|Any CPU.ActiveCfg = Debug|Any CPU
		{F69EDC1F-CE45-4BC4-BEFE-B95DFB2F0E59}.Debug|Any CPU.Build.0 = Debug|Any CPU
		{F69EDC1F-CE45-4BC4-BEFE-B95DFB2F0E59}.Release|Any CPU.ActiveCfg = Release|Any CPU
		{F69EDC1F-CE45-4BC4-BEFE-B95DFB2F0E59}.Release|Any CPU.Build.0 = Release|Any CPU
		{AA179484-C0BB-48C4-9FB9-F9420A52E52F}.Debug|Any CPU.ActiveCfg = Debug|Any CPU
		{AA179484-C0BB-48C4-9FB9-F9420A52E52F}.Debug|Any CPU.Build.0 = Debug|Any CPU
		{AA179484-C0BB-48C4-9FB9-F9420A52E52F}.Release|Any CPU.ActiveCfg = Release|Any CPU
		{AA179484-C0BB-48C4-9FB9-F9420A52E52F}.Release|Any CPU.Build.0 = Release|Any CPU
		{3ECEF5FE-F37E-43D5-A701-2F200D5708EB}.Debug|Any CPU.ActiveCfg = Debug|Any CPU
		{3ECEF5FE-F37E-43D5-A701-2F200D5708EB}.Debug|Any CPU.Build.0 = Debug|Any CPU
		{3ECEF5FE-F37E-43D5-A701-2F200D5708EB}.Release|Any CPU.ActiveCfg = Release|Any CPU
		{3ECEF5FE-F37E-43D5-A701-2F200D5708EB}.Release|Any CPU.Build.0 = Release|Any CPU
		{046205B5-BDB8-44F5-B880-C7FDD2288618}.Debug|Any CPU.ActiveCfg = Debug|Any CPU
		{046205B5-BDB8-44F5-B880-C7FDD2288618}.Debug|Any CPU.Build.0 = Debug|Any CPU
		{046205B5-BDB8-44F5-B880-C7FDD2288618}.Release|Any CPU.ActiveCfg = Release|Any CPU
		{046205B5-BDB8-44F5-B880-C7FDD2288618}.Release|Any CPU.Build.0 = Release|Any CPU
	EndGlobalSection
	GlobalSection(SolutionProperties) = preSolution
		HideSolutionNode = FALSE
	EndGlobalSection
	GlobalSection(ExtensibilityGlobals) = postSolution
		SolutionGuid = {B6E4BB51-5313-4E51-B421-66CE16A237B8}
	EndGlobalSection
EndGlobal
